
Microsoft Visual Studio Solution File, Format Version 12.00
# Visual Studio Version 17
VisualStudioVersion = 17.3.32922.545
MinimumVisualStudioVersion = 10.0.40219.1
Project("{8BC9CEB8-8B4A-11D0-8D11-00A0C91BC942}") = "ace", "ace\ace.vcxproj", "{140B7E3B-497E-4B78-9A6F-F2826CF64F17}"
EndProject
Project("{8BC9CEB8-8B4A-11D0-8D11-00A0C91BC942}") = "sandbox", "sandbox\sandbox.vcxproj", "{60D1722E-51E7-409F-AD25-749D1C3394E0}"
EndProject
Global
	GlobalSection(SolutionConfigurationPlatforms) = preSolution
		Debug|x64 = Debug|x64
		Debug|x86 = Debug|x86
		Release|x64 = Release|x64
		Release|x86 = Release|x86
	EndGlobalSection
	GlobalSection(ProjectConfigurationPlatforms) = postSolution
		{140B7E3B-497E-4B78-9A6F-F2826CF64F17}.Debug|x64.ActiveCfg = Debug|x64
		{140B7E3B-497E-4B78-9A6F-F2826CF64F17}.Debug|x64.Build.0 = Debug|x64
		{140B7E3B-497E-4B78-9A6F-F2826CF64F17}.Debug|x86.ActiveCfg = Debug|x64
		{140B7E3B-497E-4B78-9A6F-F2826CF64F17}.Release|x64.ActiveCfg = Release|x64
		{140B7E3B-497E-4B78-9A6F-F2826CF64F17}.Release|x64.Build.0 = Release|x64
		{140B7E3B-497E-4B78-9A6F-F2826CF64F17}.Release|x86.ActiveCfg = Release|x64
		{60D1722E-51E7-409F-AD25-749D1C3394E0}.Debug|x64.ActiveCfg = Debug|x64
		{60D1722E-51E7-409F-AD25-749D1C3394E0}.Debug|x64.Build.0 = Debug|x64
		{60D1722E-51E7-409F-AD25-749D1C3394E0}.Debug|x86.ActiveCfg = Debug|x64
		{60D1722E-51E7-409F-AD25-749D1C3394E0}.Release|x64.ActiveCfg = Release|x64
		{60D1722E-51E7-409F-AD25-749D1C3394E0}.Release|x64.Build.0 = Release|x64
		{60D1722E-51E7-409F-AD25-749D1C3394E0}.Release|x86.ActiveCfg = Release|x64
	EndGlobalSection
	GlobalSection(SolutionProperties) = preSolution
		HideSolutionNode = FALSE
	EndGlobalSection
	GlobalSection(ExtensibilityGlobals) = postSolution
		SolutionGuid = {D6C060A8-4CCE-4CAA-BF8A-E03C9E9C6BBE}
	EndGlobalSection
EndGlobal
